
Microsoft Visual Studio Solution File, Format Version 12.00
# Visual Studio 15
Project("{FAE04EC0-301F-11D3-BF4B-00C04F79EFBC}") = "Unity.Timeline", "Unity.Timeline.csproj", "{9724B472-EB72-9BB4-F3FB-57E71516926B}"
EndProject
Project("{FAE04EC0-301F-11D3-BF4B-00C04F79EFBC}") = "Unity.Timeline.Editor", "Unity.Timeline.Editor.csproj", "{B24B92EE-709E-68BD-4F81-CB6F08F82406}"
EndProject
Project("{FAE04EC0-301F-11D3-BF4B-00C04F79EFBC}") = "Unity.2D.Tilemap.Editor", "Unity.2D.Tilemap.Editor.csproj", "{D7778AC3-D927-B320-B014-3C29652F1C7F}"
EndProject
Project("{FAE04EC0-301F-11D3-BF4B-00C04F79EFBC}") = "Unity.TextMeshPro.Editor", "Unity.TextMeshPro.Editor.csproj", "{96BE1583-AEDB-0500-5475-B15BE0B550B9}"
EndProject
Project("{FAE04EC0-301F-11D3-BF4B-00C04F79EFBC}") = "Unity.2D.Aseprite.Editor", "Unity.2D.Aseprite.Editor.csproj", "{908FA161-162B-FD51-C4E6-A5EB86613811}"
EndProject
Project("{FAE04EC0-301F-11D3-BF4B-00C04F79EFBC}") = "Unity.VisualScripting.Flow", "Unity.VisualScripting.Flow.csproj", "{CB168F25-69E3-7DD6-E8F4-0F8072B4C085}"
EndProject
Project("{FAE04EC0-301F-11D3-BF4B-00C04F79EFBC}") = "UnityEditor.UI", "UnityEditor.UI.csproj", "{59073160-499C-7E38-7EFF-7D625CB1AD2E}"
EndProject
Project("{FAE04EC0-301F-11D3-BF4B-00C04F79EFBC}") = "Unity.PlasticSCM.Editor", "Unity.PlasticSCM.Editor.csproj", "{021725D3-ACB1-FF1D-7B04-3AEBCEB57303}"
EndProject
Project("{FAE04EC0-301F-11D3-BF4B-00C04F79EFBC}") = "Unity.2D.Psdimporter.Editor", "Unity.2D.Psdimporter.Editor.csproj", "{E861C5F9-B988-B604-82B0-FF5516B22AA9}"
EndProject
Project("{FAE04EC0-301F-11D3-BF4B-00C04F79EFBC}") = "Unity.VisualScripting.Core", "Unity.VisualScripting.Core.csproj", "{6F0FF239-1DEE-E0F8-AEA0-605EBEEFA4AB}"
EndProject
Project("{FAE04EC0-301F-11D3-BF4B-00C04F79EFBC}") = "Unity.Mathematics", "Unity.Mathematics.csproj", "{34D83515-73DC-A220-3944-03FC837947CB}"
EndProject
Project("{FAE04EC0-301F-11D3-BF4B-00C04F79EFBC}") = "Unity.2D.Animation.Editor", "Unity.2D.Animation.Editor.csproj", "{04493D6F-E68A-26B4-0A50-D6B4AF8CCD99}"
EndProject
Project("{FAE04EC0-301F-11D3-BF4B-00C04F79EFBC}") = "Unity.2D.Common.Path.Editor", "Unity.2D.Common.Path.Editor.csproj", "{95C23DFE-A96A-FAEB-8F6C-1EED37C68A79}"
EndProject
Project("{FAE04EC0-301F-11D3-BF4B-00C04F79EFBC}") = "Unity.VisualScripting.Core.Editor", "Unity.VisualScripting.Core.Editor.csproj", "{C8666971-F882-8EE6-C494-9BC4EA5D9D74}"
EndProject
Project("{FAE04EC0-301F-11D3-BF4B-00C04F79EFBC}") = "Unity.2D.IK.Runtime", "Unity.2D.IK.Runtime.csproj", "{576B5EEA-34AD-A2A9-523D-884CD9A7B4C7}"
EndProject
Project("{FAE04EC0-301F-11D3-BF4B-00C04F79EFBC}") = "Unity.VisualScripting.Flow.Editor", "Unity.VisualScripting.Flow.Editor.csproj", "{D7F18A93-42BB-F229-D8C6-77949E020D16}"
EndProject
Project("{FAE04EC0-301F-11D3-BF4B-00C04F79EFBC}") = "UnityEditor.TestRunner", "UnityEditor.TestRunner.csproj", "{092AFEB6-54D3-C589-CCFE-C47EE0B0F27D}"
EndProject
Project("{FAE04EC0-301F-11D3-BF4B-00C04F79EFBC}") = "Unity.VisualScripting.SettingsProvider.Editor", "Unity.VisualScripting.SettingsProvider.Editor.csproj", "{81FDE086-95B9-F773-40AC-9F2E25CE887F}"
EndProject
Project("{FAE04EC0-301F-11D3-BF4B-00C04F79EFBC}") = "UnityEngine.TestRunner", "UnityEngine.TestRunner.csproj", "{882A255F-96BB-AD85-C93F-95D8A4DD0613}"
EndProject
Project("{FAE04EC0-301F-11D3-BF4B-00C04F79EFBC}") = "PsdPlugin", "PsdPlugin.csproj", "{602F74E1-7335-034C-AEF4-D0B464ECA376}"
EndProject
Project("{FAE04EC0-301F-11D3-BF4B-00C04F79EFBC}") = "Unity.Burst", "Unity.Burst.csproj", "{6F2229C7-C6E8-4965-D2C8-59E19870313A}"
EndProject
Project("{FAE04EC0-301F-11D3-BF4B-00C04F79EFBC}") = "UnityEngine.UI", "UnityEngine.UI.csproj", "{DAEB3D10-DDA7-72CE-C625-EC524A6E1F8D}"
EndProject
Project("{FAE04EC0-301F-11D3-BF4B-00C04F79EFBC}") = "Unity.2D.SpriteShape.Editor", "Unity.2D.SpriteShape.Editor.csproj", "{FA234E8A-7103-AB2D-945E-2763B54378C2}"
EndProject
Project("{FAE04EC0-301F-11D3-BF4B-00C04F79EFBC}") = "Unity.Collections", "Unity.Collections.csproj", "{F7BBC3C9-BC9D-AAED-CBD1-6BE96C8A3FE9}"
EndProject
Project("{FAE04EC0-301F-11D3-BF4B-00C04F79EFBC}") = "Unity.VisualStudio.Editor", "Unity.VisualStudio.Editor.csproj", "{BD1C3C7F-640B-616E-F89B-B257585FC210}"
EndProject
Project("{FAE04EC0-301F-11D3-BF4B-00C04F79EFBC}") = "Unity.2D.Tilemap.Extras.Editor", "Unity.2D.Tilemap.Extras.Editor.csproj", "{127B5536-97CA-ADFA-22D5-DF22AB422D55}"
EndProject
Project("{FAE04EC0-301F-11D3-BF4B-00C04F79EFBC}") = "Unity.Rider.Editor", "Unity.Rider.Editor.csproj", "{4A33439F-3712-8B03-3600-6024BF5F9C9C}"
EndProject
Project("{FAE04EC0-301F-11D3-BF4B-00C04F79EFBC}") = "Unity.InternalAPIEditorBridge.001", "Unity.InternalAPIEditorBridge.001.csproj", "{42E3496F-60EF-BBAF-A26D-E916EF1DF925}"
EndProject
Project("{FAE04EC0-301F-11D3-BF4B-00C04F79EFBC}") = "Unity.2D.SpriteShape.Runtime", "Unity.2D.SpriteShape.Runtime.csproj", "{54F70C4C-9224-2F05-1CEE-5739E5A1F4EC}"
EndProject
Project("{FAE04EC0-301F-11D3-BF4B-00C04F79EFBC}") = "Unity.VisualScripting.State.Editor", "Unity.VisualScripting.State.Editor.csproj", "{B9271DC1-7AF8-22C1-12EF-A95235DE3AC9}"
EndProject
Project("{FAE04EC0-301F-11D3-BF4B-00C04F79EFBC}") = "Unity.2D.Animation.Runtime", "Unity.2D.Animation.Runtime.csproj", "{30424A11-A934-3E67-8A75-B50A51DB47DB}"
EndProject
Project("{FAE04EC0-301F-11D3-BF4B-00C04F79EFBC}") = "Unity.Burst.CodeGen", "Unity.Burst.CodeGen.csproj", "{4F6272E0-D4BA-29DC-5E88-5FC6A30E9669}"
EndProject
Project("{FAE04EC0-301F-11D3-BF4B-00C04F79EFBC}") = "Unity.2D.Tilemap.Extras", "Unity.2D.Tilemap.Extras.csproj", "{3EFE3D75-3B8C-98B4-BDA5-8582D058E05D}"
EndProject
Project("{FAE04EC0-301F-11D3-BF4B-00C04F79EFBC}") = "Unity.VisualScripting.State", "Unity.VisualScripting.State.csproj", "{D32B2EC7-F052-4CFD-9BEA-71011397AF4C}"
EndProject
Project("{FAE04EC0-301F-11D3-BF4B-00C04F79EFBC}") = "Unity.TextMeshPro", "Unity.TextMeshPro.csproj", "{EEC0713E-2413-3442-C954-61921856C8E1}"
EndProject
Project("{FAE04EC0-301F-11D3-BF4B-00C04F79EFBC}") = "Unity.2D.Aseprite.Common", "Unity.2D.Aseprite.Common.csproj", "{76474EAD-0C06-586C-6A43-32F14CE2863B}"
EndProject
Project("{FAE04EC0-301F-11D3-BF4B-00C04F79EFBC}") = "Unity.2D.IK.Editor", "Unity.2D.IK.Editor.csproj", "{D696B2F6-FAC7-4534-2220-1D6444A3E6CF}"
EndProject
Project("{FAE04EC0-301F-11D3-BF4B-00C04F79EFBC}") = "Unity.InternalAPIEngineBridge.001", "Unity.InternalAPIEngineBridge.001.csproj", "{D5C37B5F-2A9A-6D1B-7CEC-A5D1D8E78994}"
EndProject
Project("{FAE04EC0-301F-11D3-BF4B-00C04F79EFBC}") = "Unity.Burst.Editor", "Unity.Burst.Editor.csproj", "{33719F28-6F0E-0637-3EAC-2578C88851CF}"
EndProject
Project("{FAE04EC0-301F-11D3-BF4B-00C04F79EFBC}") = "Unity.2D.Common.Editor", "Unity.2D.Common.Editor.csproj", "{F00664E1-6D4E-2624-1245-D132AB65FB06}"
EndProject
Project("{FAE04EC0-301F-11D3-BF4B-00C04F79EFBC}") = "Unity.2D.Sprite.Editor", "Unity.2D.Sprite.Editor.csproj", "{BA21D7F4-E697-216F-B804-35FC79E86E28}"
EndProject
Project("{FAE04EC0-301F-11D3-BF4B-00C04F79EFBC}") = "Unity.2D.PixelPerfect", "Unity.2D.PixelPerfect.csproj", "{9471D443-CA58-2A5D-63BA-0EA2B82E4FAC}"
EndProject
Project("{FAE04EC0-301F-11D3-BF4B-00C04F79EFBC}") = "Unity.2D.PixelPerfect.Editor", "Unity.2D.PixelPerfect.Editor.csproj", "{2BF89FEB-39BE-7657-D876-D6B1727B6A1E}"
EndProject
Project("{FAE04EC0-301F-11D3-BF4B-00C04F79EFBC}") = "Unity.2D.Common.Runtime", "Unity.2D.Common.Runtime.csproj", "{E7F8A7EF-3CAB-4491-20F8-EAB90740A3CD}"
EndProject
Project("{FAE04EC0-301F-11D3-BF4B-00C04F79EFBC}") = "Unity.Mathematics.Editor", "Unity.Mathematics.Editor.csproj", "{FE47998F-D7FA-CC8A-6907-5960A7898599}"
EndProject
Project("{FAE04EC0-301F-11D3-BF4B-00C04F79EFBC}") = "Unity.Collections.BurstCompatibilityGen", "Unity.Collections.BurstCompatibilityGen.csproj", "{BA42EFA9-9EAC-DA16-BF27-CBC99CAD8BA7}"
EndProject
Project("{FAE04EC0-301F-11D3-BF4B-00C04F79EFBC}") = "Unity.InternalAPIEditorBridge.005", "Unity.InternalAPIEditorBridge.005.csproj", "{B10F9D9E-ED70-5778-B8B1-6A28B0D7643D}"
EndProject
Project("{FAE04EC0-301F-11D3-BF4B-00C04F79EFBC}") = "Unity.VisualScripting.Shared.Editor", "Unity.VisualScripting.Shared.Editor.csproj", "{19D61EF3-9B9B-3EC2-6F86-82DD1A4093CC}"
EndProject
Project("{FAE04EC0-301F-11D3-BF4B-00C04F79EFBC}") = "Unity.Collections.DocCodeSamples", "Unity.Collections.DocCodeSamples.csproj", "{E5D9A5AD-2EB6-04BD-0B6F-D5178C69B2CB}"
EndProject
Project("{FAE04EC0-301F-11D3-BF4B-00C04F79EFBC}") = "Unity.CollabProxy.Editor", "Unity.CollabProxy.Editor.csproj", "{CB95CA5B-C0FB-B6A8-520C-6A037A1CEA27}"
EndProject
Project("{FAE04EC0-301F-11D3-BF4B-00C04F79EFBC}") = "Unity.Timeline", "Unity.Timeline.Player.csproj", "{A57FEE4C-EAB8-A4AA-68D3-84777DE79219}"
EndProject
Project("{FAE04EC0-301F-11D3-BF4B-00C04F79EFBC}") = "Unity.VisualScripting.Flow", "Unity.VisualScripting.Flow.Player.csproj", "{85F7E5F9-9CA8-83D0-36C9-2890F875EFB7}"
EndProject
Project("{FAE04EC0-301F-11D3-BF4B-00C04F79EFBC}") = "Unity.VisualScripting.Core", "Unity.VisualScripting.Core.Player.csproj", "{AA2FE71A-8130-DABD-9535-B3BB5ABBE66D}"
EndProject
Project("{FAE04EC0-301F-11D3-BF4B-00C04F79EFBC}") = "Unity.Mathematics", "Unity.Mathematics.Player.csproj", "{8B767D72-6A47-13FC-32C4-5773CC00AEA7}"
EndProject
Project("{FAE04EC0-301F-11D3-BF4B-00C04F79EFBC}") = "Unity.2D.IK.Runtime", "Unity.2D.IK.Runtime.Player.csproj", "{100F2590-4EA8-58AC-918B-0AB6A826F3CD}"
EndProject
Project("{FAE04EC0-301F-11D3-BF4B-00C04F79EFBC}") = "UnityEngine.TestRunner", "UnityEngine.TestRunner.Player.csproj", "{B9166D92-D357-61A3-ECA7-6E5D41069D3D}"
EndProject
Project("{FAE04EC0-301F-11D3-BF4B-00C04F79EFBC}") = "Unity.Burst", "Unity.Burst.Player.csproj", "{8A4AD976-6628-52B5-2370-7AAE907A0E2A}"
EndProject
Project("{FAE04EC0-301F-11D3-BF4B-00C04F79EFBC}") = "UnityEngine.UI", "UnityEngine.UI.Player.csproj", "{6482AFEF-98EA-6310-9D36-62C4326EEBB1}"
EndProject
Project("{FAE04EC0-301F-11D3-BF4B-00C04F79EFBC}") = "Unity.Collections", "Unity.Collections.Player.csproj", "{6DC0F652-2F9C-42C2-657A-6C4498C28BB0}"
EndProject
Project("{FAE04EC0-301F-11D3-BF4B-00C04F79EFBC}") = "Unity.2D.SpriteShape.Runtime", "Unity.2D.SpriteShape.Runtime.Player.csproj", "{DE95478B-5A45-86F7-B49B-6206C76E0AD7}"
EndProject
Project("{FAE04EC0-301F-11D3-BF4B-00C04F79EFBC}") = "Unity.2D.Animation.Runtime", "Unity.2D.Animation.Runtime.Player.csproj", "{B3D2CF72-7BBA-3C7E-D9C4-DDFD837BFBBB}"
EndProject
Project("{FAE04EC0-301F-11D3-BF4B-00C04F79EFBC}") = "Unity.2D.Tilemap.Extras", "Unity.2D.Tilemap.Extras.Player.csproj", "{44D74033-AF46-4522-B8F8-5575D995A076}"
EndProject
Project("{FAE04EC0-301F-11D3-BF4B-00C04F79EFBC}") = "Unity.VisualScripting.State", "Unity.VisualScripting.State.Player.csproj", "{5FEC666E-76FF-3791-DDB1-E26B07D6613F}"
EndProject
Project("{FAE04EC0-301F-11D3-BF4B-00C04F79EFBC}") = "Unity.TextMeshPro", "Unity.TextMeshPro.Player.csproj", "{166E1721-BFEC-7001-5259-0A6D8886DC29}"
EndProject
Project("{FAE04EC0-301F-11D3-BF4B-00C04F79EFBC}") = "Unity.InternalAPIEngineBridge.001", "Unity.InternalAPIEngineBridge.001.Player.csproj", "{DC45A2E8-98EB-BA99-AC6A-147A30C57E27}"
EndProject
Project("{FAE04EC0-301F-11D3-BF4B-00C04F79EFBC}") = "Unity.2D.PixelPerfect", "Unity.2D.PixelPerfect.Player.csproj", "{DF303602-7FA0-B09B-AF63-7E949C8F84FD}"
EndProject
Project("{FAE04EC0-301F-11D3-BF4B-00C04F79EFBC}") = "Unity.2D.Common.Runtime", "Unity.2D.Common.Runtime.Player.csproj", "{DA861117-D15C-C8F2-B123-F2920650275C}"
EndProject
Global
	GlobalSection(SolutionConfigurationPlatforms) = preSolution
		Debug|Any CPU = Debug|Any CPU
		Release|Any CPU = Release|Any CPU
	EndGlobalSection
	GlobalSection(ProjectConfigurationPlatforms) = postSolution
		{9724B472-EB72-9BB4-F3FB-57E71516926B}.Debug|Any CPU.ActiveCfg = Debug|Any CPU
		{9724B472-EB72-9BB4-F3FB-57E71516926B}.Debug|Any CPU.Build.0 = Debug|Any CPU
		{9724B472-EB72-9BB4-F3FB-57E71516926B}.Release|Any CPU.ActiveCfg = Release|Any CPU
		{9724B472-EB72-9BB4-F3FB-57E71516926B}.Release|Any CPU.Build.0 = Release|Any CPU
		{B24B92EE-709E-68BD-4F81-CB6F08F82406}.Debug|Any CPU.ActiveCfg = Debug|Any CPU
		{B24B92EE-709E-68BD-4F81-CB6F08F82406}.Debug|Any CPU.Build.0 = Debug|Any CPU
		{B24B92EE-709E-68BD-4F81-CB6F08F82406}.Release|Any CPU.ActiveCfg = Release|Any CPU
		{B24B92EE-709E-68BD-4F81-CB6F08F82406}.Release|Any CPU.Build.0 = Release|Any CPU
		{D7778AC3-D927-B320-B014-3C29652F1C7F}.Debug|Any CPU.ActiveCfg = Debug|Any CPU
		{D7778AC3-D927-B320-B014-3C29652F1C7F}.Debug|Any CPU.Build.0 = Debug|Any CPU
		{D7778AC3-D927-B320-B014-3C29652F1C7F}.Release|Any CPU.ActiveCfg = Release|Any CPU
		{D7778AC3-D927-B320-B014-3C29652F1C7F}.Release|Any CPU.Build.0 = Release|Any CPU
		{96BE1583-AEDB-0500-5475-B15BE0B550B9}.Debug|Any CPU.ActiveCfg = Debug|Any CPU
		{96BE1583-AEDB-0500-5475-B15BE0B550B9}.Debug|Any CPU.Build.0 = Debug|Any CPU
		{96BE1583-AEDB-0500-5475-B15BE0B550B9}.Release|Any CPU.ActiveCfg = Release|Any CPU
		{96BE1583-AEDB-0500-5475-B15BE0B550B9}.Release|Any CPU.Build.0 = Release|Any CPU
		{908FA161-162B-FD51-C4E6-A5EB86613811}.Debug|Any CPU.ActiveCfg = Debug|Any CPU
		{908FA161-162B-FD51-C4E6-A5EB86613811}.Debug|Any CPU.Build.0 = Debug|Any CPU
		{908FA161-162B-FD51-C4E6-A5EB86613811}.Release|Any CPU.ActiveCfg = Release|Any CPU
		{908FA161-162B-FD51-C4E6-A5EB86613811}.Release|Any CPU.Build.0 = Release|Any CPU
		{CB168F25-69E3-7DD6-E8F4-0F8072B4C085}.Debug|Any CPU.ActiveCfg = Debug|Any CPU
		{CB168F25-69E3-7DD6-E8F4-0F8072B4C085}.Debug|Any CPU.Build.0 = Debug|Any CPU
		{CB168F25-69E3-7DD6-E8F4-0F8072B4C085}.Release|Any CPU.ActiveCfg = Release|Any CPU
		{CB168F25-69E3-7DD6-E8F4-0F8072B4C085}.Release|Any CPU.Build.0 = Release|Any CPU
		{59073160-499C-7E38-7EFF-7D625CB1AD2E}.Debug|Any CPU.ActiveCfg = Debug|Any CPU
		{59073160-499C-7E38-7EFF-7D625CB1AD2E}.Debug|Any CPU.Build.0 = Debug|Any CPU
		{59073160-499C-7E38-7EFF-7D625CB1AD2E}.Release|Any CPU.ActiveCfg = Release|Any CPU
		{59073160-499C-7E38-7EFF-7D625CB1AD2E}.Release|Any CPU.Build.0 = Release|Any CPU
		{021725D3-ACB1-FF1D-7B04-3AEBCEB57303}.Debug|Any CPU.ActiveCfg = Debug|Any CPU
		{021725D3-ACB1-FF1D-7B04-3AEBCEB57303}.Debug|Any CPU.Build.0 = Debug|Any CPU
		{021725D3-ACB1-FF1D-7B04-3AEBCEB57303}.Release|Any CPU.ActiveCfg = Release|Any CPU
		{021725D3-ACB1-FF1D-7B04-3AEBCEB57303}.Release|Any CPU.Build.0 = Release|Any CPU
		{E861C5F9-B988-B604-82B0-FF5516B22AA9}.Debug|Any CPU.ActiveCfg = Debug|Any CPU
		{E861C5F9-B988-B604-82B0-FF5516B22AA9}.Debug|Any CPU.Build.0 = Debug|Any CPU
		{E861C5F9-B988-B604-82B0-FF5516B22AA9}.Release|Any CPU.ActiveCfg = Release|Any CPU
		{E861C5F9-B988-B604-82B0-FF5516B22AA9}.Release|Any CPU.Build.0 = Release|Any CPU
		{6F0FF239-1DEE-E0F8-AEA0-605EBEEFA4AB}.Debug|Any CPU.ActiveCfg = Debug|Any CPU
		{6F0FF239-1DEE-E0F8-AEA0-605EBEEFA4AB}.Debug|Any CPU.Build.0 = Debug|Any CPU
		{6F0FF239-1DEE-E0F8-AEA0-605EBEEFA4AB}.Release|Any CPU.ActiveCfg = Release|Any CPU
		{6F0FF239-1DEE-E0F8-AEA0-605EBEEFA4AB}.Release|Any CPU.Build.0 = Release|Any CPU
		{34D83515-73DC-A220-3944-03FC837947CB}.Debug|Any CPU.ActiveCfg = Debug|Any CPU
		{34D83515-73DC-A220-3944-03FC837947CB}.Debug|Any CPU.Build.0 = Debug|Any CPU
		{34D83515-73DC-A220-3944-03FC837947CB}.Release|Any CPU.ActiveCfg = Release|Any CPU
		{34D83515-73DC-A220-3944-03FC837947CB}.Release|Any CPU.Build.0 = Release|Any CPU
		{04493D6F-E68A-26B4-0A50-D6B4AF8CCD99}.Debug|Any CPU.ActiveCfg = Debug|Any CPU
		{04493D6F-E68A-26B4-0A50-D6B4AF8CCD99}.Debug|Any CPU.Build.0 = Debug|Any CPU
		{04493D6F-E68A-26B4-0A50-D6B4AF8CCD99}.Release|Any CPU.ActiveCfg = Release|Any CPU
		{04493D6F-E68A-26B4-0A50-D6B4AF8CCD99}.Release|Any CPU.Build.0 = Release|Any CPU
		{95C23DFE-A96A-FAEB-8F6C-1EED37C68A79}.Debug|Any CPU.ActiveCfg = Debug|Any CPU
		{95C23DFE-A96A-FAEB-8F6C-1EED37C68A79}.Debug|Any CPU.Build.0 = Debug|Any CPU
		{95C23DFE-A96A-FAEB-8F6C-1EED37C68A79}.Release|Any CPU.ActiveCfg = Release|Any CPU
		{95C23DFE-A96A-FAEB-8F6C-1EED37C68A79}.Release|Any CPU.Build.0 = Release|Any CPU
		{C8666971-F882-8EE6-C494-9BC4EA5D9D74}.Debug|Any CPU.ActiveCfg = Debug|Any CPU
		{C8666971-F882-8EE6-C494-9BC4EA5D9D74}.Debug|Any CPU.Build.0 = Debug|Any CPU
		{C8666971-F882-8EE6-C494-9BC4EA5D9D74}.Release|Any CPU.ActiveCfg = Release|Any CPU
		{C8666971-F882-8EE6-C494-9BC4EA5D9D74}.Release|Any CPU.Build.0 = Release|Any CPU
		{576B5EEA-34AD-A2A9-523D-884CD9A7B4C7}.Debug|Any CPU.ActiveCfg = Debug|Any CPU
		{576B5EEA-34AD-A2A9-523D-884CD9A7B4C7}.Debug|Any CPU.Build.0 = Debug|Any CPU
		{576B5EEA-34AD-A2A9-523D-884CD9A7B4C7}.Release|Any CPU.ActiveCfg = Release|Any CPU
		{576B5EEA-34AD-A2A9-523D-884CD9A7B4C7}.Release|Any CPU.Build.0 = Release|Any CPU
		{D7F18A93-42BB-F229-D8C6-77949E020D16}.Debug|Any CPU.ActiveCfg = Debug|Any CPU
		{D7F18A93-42BB-F229-D8C6-77949E020D16}.Debug|Any CPU.Build.0 = Debug|Any CPU
		{D7F18A93-42BB-F229-D8C6-77949E020D16}.Release|Any CPU.ActiveCfg = Release|Any CPU
		{D7F18A93-42BB-F229-D8C6-77949E020D16}.Release|Any CPU.Build.0 = Release|Any CPU
		{092AFEB6-54D3-C589-CCFE-C47EE0B0F27D}.Debug|Any CPU.ActiveCfg = Debug|Any CPU
		{092AFEB6-54D3-C589-CCFE-C47EE0B0F27D}.Debug|Any CPU.Build.0 = Debug|Any CPU
		{092AFEB6-54D3-C589-CCFE-C47EE0B0F27D}.Release|Any CPU.ActiveCfg = Release|Any CPU
		{092AFEB6-54D3-C589-CCFE-C47EE0B0F27D}.Release|Any CPU.Build.0 = Release|Any CPU
		{81FDE086-95B9-F773-40AC-9F2E25CE887F}.Debug|Any CPU.ActiveCfg = Debug|Any CPU
		{81FDE086-95B9-F773-40AC-9F2E25CE887F}.Debug|Any CPU.Build.0 = Debug|Any CPU
		{81FDE086-95B9-F773-40AC-9F2E25CE887F}.Release|Any CPU.ActiveCfg = Release|Any CPU
		{81FDE086-95B9-F773-40AC-9F2E25CE887F}.Release|Any CPU.Build.0 = Release|Any CPU
		{882A255F-96BB-AD85-C93F-95D8A4DD0613}.Debug|Any CPU.ActiveCfg = Debug|Any CPU
		{882A255F-96BB-AD85-C93F-95D8A4DD0613}.Debug|Any CPU.Build.0 = Debug|Any CPU
		{882A255F-96BB-AD85-C93F-95D8A4DD0613}.Release|Any CPU.ActiveCfg = Release|Any CPU
		{882A255F-96BB-AD85-C93F-95D8A4DD0613}.Release|Any CPU.Build.0 = Release|Any CPU
		{602F74E1-7335-034C-AEF4-D0B464ECA376}.Debug|Any CPU.ActiveCfg = Debug|Any CPU
		{602F74E1-7335-034C-AEF4-D0B464ECA376}.Debug|Any CPU.Build.0 = Debug|Any CPU
		{602F74E1-7335-034C-AEF4-D0B464ECA376}.Release|Any CPU.ActiveCfg = Release|Any CPU
		{602F74E1-7335-034C-AEF4-D0B464ECA376}.Release|Any CPU.Build.0 = Release|Any CPU
		{6F2229C7-C6E8-4965-D2C8-59E19870313A}.Debug|Any CPU.ActiveCfg = Debug|Any CPU
		{6F2229C7-C6E8-4965-D2C8-59E19870313A}.Debug|Any CPU.Build.0 = Debug|Any CPU
		{6F2229C7-C6E8-4965-D2C8-59E19870313A}.Release|Any CPU.ActiveCfg = Release|Any CPU
		{6F2229C7-C6E8-4965-D2C8-59E19870313A}.Release|Any CPU.Build.0 = Release|Any CPU
		{DAEB3D10-DDA7-72CE-C625-EC524A6E1F8D}.Debug|Any CPU.ActiveCfg = Debug|Any CPU
		{DAEB3D10-DDA7-72CE-C625-EC524A6E1F8D}.Debug|Any CPU.Build.0 = Debug|Any CPU
		{DAEB3D10-DDA7-72CE-C625-EC524A6E1F8D}.Release|Any CPU.ActiveCfg = Release|Any CPU
		{DAEB3D10-DDA7-72CE-C625-EC524A6E1F8D}.Release|Any CPU.Build.0 = Release|Any CPU
		{FA234E8A-7103-AB2D-945E-2763B54378C2}.Debug|Any CPU.ActiveCfg = Debug|Any CPU
		{FA234E8A-7103-AB2D-945E-2763B54378C2}.Debug|Any CPU.Build.0 = Debug|Any CPU
		{FA234E8A-7103-AB2D-945E-2763B54378C2}.Release|Any CPU.ActiveCfg = Release|Any CPU
		{FA234E8A-7103-AB2D-945E-2763B54378C2}.Release|Any CPU.Build.0 = Release|Any CPU
		{F7BBC3C9-BC9D-AAED-CBD1-6BE96C8A3FE9}.Debug|Any CPU.ActiveCfg = Debug|Any CPU
		{F7BBC3C9-BC9D-AAED-CBD1-6BE96C8A3FE9}.Debug|Any CPU.Build.0 = Debug|Any CPU
		{F7BBC3C9-BC9D-AAED-CBD1-6BE96C8A3FE9}.Release|Any CPU.ActiveCfg = Release|Any CPU
		{F7BBC3C9-BC9D-AAED-CBD1-6BE96C8A3FE9}.Release|Any CPU.Build.0 = Release|Any CPU
		{BD1C3C7F-640B-616E-F89B-B257585FC210}.Debug|Any CPU.ActiveCfg = Debug|Any CPU
		{BD1C3C7F-640B-616E-F89B-B257585FC210}.Debug|Any CPU.Build.0 = Debug|Any CPU
		{BD1C3C7F-640B-616E-F89B-B257585FC210}.Release|Any CPU.ActiveCfg = Release|Any CPU
		{BD1C3C7F-640B-616E-F89B-B257585FC210}.Release|Any CPU.Build.0 = Release|Any CPU
		{127B5536-97CA-ADFA-22D5-DF22AB422D55}.Debug|Any CPU.ActiveCfg = Debug|Any CPU
		{127B5536-97CA-ADFA-22D5-DF22AB422D55}.Debug|Any CPU.Build.0 = Debug|Any CPU
		{127B5536-97CA-ADFA-22D5-DF22AB422D55}.Release|Any CPU.ActiveCfg = Release|Any CPU
		{127B5536-97CA-ADFA-22D5-DF22AB422D55}.Release|Any CPU.Build.0 = Release|Any CPU
		{4A33439F-3712-8B03-3600-6024BF5F9C9C}.Debug|Any CPU.ActiveCfg = Debug|Any CPU
		{4A33439F-3712-8B03-3600-6024BF5F9C9C}.Debug|Any CPU.Build.0 = Debug|Any CPU
		{4A33439F-3712-8B03-3600-6024BF5F9C9C}.Release|Any CPU.ActiveCfg = Release|Any CPU
		{4A33439F-3712-8B03-3600-6024BF5F9C9C}.Release|Any CPU.Build.0 = Release|Any CPU
		{42E3496F-60EF-BBAF-A26D-E916EF1DF925}.Debug|Any CPU.ActiveCfg = Debug|Any CPU
		{42E3496F-60EF-BBAF-A26D-E916EF1DF925}.Debug|Any CPU.Build.0 = Debug|Any CPU
		{42E3496F-60EF-BBAF-A26D-E916EF1DF925}.Release|Any CPU.ActiveCfg = Release|Any CPU
		{42E3496F-60EF-BBAF-A26D-E916EF1DF925}.Release|Any CPU.Build.0 = Release|Any CPU
		{54F70C4C-9224-2F05-1CEE-5739E5A1F4EC}.Debug|Any CPU.ActiveCfg = Debug|Any CPU
		{54F70C4C-9224-2F05-1CEE-5739E5A1F4EC}.Debug|Any CPU.Build.0 = Debug|Any CPU
		{54F70C4C-9224-2F05-1CEE-5739E5A1F4EC}.Release|Any CPU.ActiveCfg = Release|Any CPU
		{54F70C4C-9224-2F05-1CEE-5739E5A1F4EC}.Release|Any CPU.Build.0 = Release|Any CPU
		{B9271DC1-7AF8-22C1-12EF-A95235DE3AC9}.Debug|Any CPU.ActiveCfg = Debug|Any CPU
		{B9271DC1-7AF8-22C1-12EF-A95235DE3AC9}.Debug|Any CPU.Build.0 = Debug|Any CPU
		{B9271DC1-7AF8-22C1-12EF-A95235DE3AC9}.Release|Any CPU.ActiveCfg = Release|Any CPU
		{B9271DC1-7AF8-22C1-12EF-A95235DE3AC9}.Release|Any CPU.Build.0 = Release|Any CPU
		{30424A11-A934-3E67-8A75-B50A51DB47DB}.Debug|Any CPU.ActiveCfg = Debug|Any CPU
		{30424A11-A934-3E67-8A75-B50A51DB47DB}.Debug|Any CPU.Build.0 = Debug|Any CPU
		{30424A11-A934-3E67-8A75-B50A51DB47DB}.Release|Any CPU.ActiveCfg = Release|Any CPU
		{30424A11-A934-3E67-8A75-B50A51DB47DB}.Release|Any CPU.Build.0 = Release|Any CPU
		{4F6272E0-D4BA-29DC-5E88-5FC6A30E9669}.Debug|Any CPU.ActiveCfg = Debug|Any CPU
		{4F6272E0-D4BA-29DC-5E88-5FC6A30E9669}.Debug|Any CPU.Build.0 = Debug|Any CPU
		{4F6272E0-D4BA-29DC-5E88-5FC6A30E9669}.Release|Any CPU.ActiveCfg = Release|Any CPU
		{4F6272E0-D4BA-29DC-5E88-5FC6A30E9669}.Release|Any CPU.Build.0 = Release|Any CPU
		{3EFE3D75-3B8C-98B4-BDA5-8582D058E05D}.Debug|Any CPU.ActiveCfg = Debug|Any CPU
		{3EFE3D75-3B8C-98B4-BDA5-8582D058E05D}.Debug|Any CPU.Build.0 = Debug|Any CPU
		{3EFE3D75-3B8C-98B4-BDA5-8582D058E05D}.Release|Any CPU.ActiveCfg = Release|Any CPU
		{3EFE3D75-3B8C-98B4-BDA5-8582D058E05D}.Release|Any CPU.Build.0 = Release|Any CPU
		{D32B2EC7-F052-4CFD-9BEA-71011397AF4C}.Debug|Any CPU.ActiveCfg = Debug|Any CPU
		{D32B2EC7-F052-4CFD-9BEA-71011397AF4C}.Debug|Any CPU.Build.0 = Debug|Any CPU
		{D32B2EC7-F052-4CFD-9BEA-71011397AF4C}.Release|Any CPU.ActiveCfg = Release|Any CPU
		{D32B2EC7-F052-4CFD-9BEA-71011397AF4C}.Release|Any CPU.Build.0 = Release|Any CPU
		{EEC0713E-2413-3442-C954-61921856C8E1}.Debug|Any CPU.ActiveCfg = Debug|Any CPU
		{EEC0713E-2413-3442-C954-61921856C8E1}.Debug|Any CPU.Build.0 = Debug|Any CPU
		{EEC0713E-2413-3442-C954-61921856C8E1}.Release|Any CPU.ActiveCfg = Release|Any CPU
		{EEC0713E-2413-3442-C954-61921856C8E1}.Release|Any CPU.Build.0 = Release|Any CPU
		{76474EAD-0C06-586C-6A43-32F14CE2863B}.Debug|Any CPU.ActiveCfg = Debug|Any CPU
		{76474EAD-0C06-586C-6A43-32F14CE2863B}.Debug|Any CPU.Build.0 = Debug|Any CPU
		{76474EAD-0C06-586C-6A43-32F14CE2863B}.Release|Any CPU.ActiveCfg = Release|Any CPU
		{76474EAD-0C06-586C-6A43-32F14CE2863B}.Release|Any CPU.Build.0 = Release|Any CPU
		{D696B2F6-FAC7-4534-2220-1D6444A3E6CF}.Debug|Any CPU.ActiveCfg = Debug|Any CPU
		{D696B2F6-FAC7-4534-2220-1D6444A3E6CF}.Debug|Any CPU.Build.0 = Debug|Any CPU
		{D696B2F6-FAC7-4534-2220-1D6444A3E6CF}.Release|Any CPU.ActiveCfg = Release|Any CPU
		{D696B2F6-FAC7-4534-2220-1D6444A3E6CF}.Release|Any CPU.Build.0 = Release|Any CPU
		{D5C37B5F-2A9A-6D1B-7CEC-A5D1D8E78994}.Debug|Any CPU.ActiveCfg = Debug|Any CPU
		{D5C37B5F-2A9A-6D1B-7CEC-A5D1D8E78994}.Debug|Any CPU.Build.0 = Debug|Any CPU
		{D5C37B5F-2A9A-6D1B-7CEC-A5D1D8E78994}.Release|Any CPU.ActiveCfg = Release|Any CPU
		{D5C37B5F-2A9A-6D1B-7CEC-A5D1D8E78994}.Release|Any CPU.Build.0 = Release|Any CPU
		{33719F28-6F0E-0637-3EAC-2578C88851CF}.Debug|Any CPU.ActiveCfg = Debug|Any CPU
		{33719F28-6F0E-0637-3EAC-2578C88851CF}.Debug|Any CPU.Build.0 = Debug|Any CPU
		{33719F28-6F0E-0637-3EAC-2578C88851CF}.Release|Any CPU.ActiveCfg = Release|Any CPU
		{33719F28-6F0E-0637-3EAC-2578C88851CF}.Release|Any CPU.Build.0 = Release|Any CPU
		{F00664E1-6D4E-2624-1245-D132AB65FB06}.Debug|Any CPU.ActiveCfg = Debug|Any CPU
		{F00664E1-6D4E-2624-1245-D132AB65FB06}.Debug|Any CPU.Build.0 = Debug|Any CPU
		{F00664E1-6D4E-2624-1245-D132AB65FB06}.Release|Any CPU.ActiveCfg = Release|Any CPU
		{F00664E1-6D4E-2624-1245-D132AB65FB06}.Release|Any CPU.Build.0 = Release|Any CPU
		{BA21D7F4-E697-216F-B804-35FC79E86E28}.Debug|Any CPU.ActiveCfg = Debug|Any CPU
		{BA21D7F4-E697-216F-B804-35FC79E86E28}.Debug|Any CPU.Build.0 = Debug|Any CPU
		{BA21D7F4-E697-216F-B804-35FC79E86E28}.Release|Any CPU.ActiveCfg = Release|Any CPU
		{BA21D7F4-E697-216F-B804-35FC79E86E28}.Release|Any CPU.Build.0 = Release|Any CPU
		{9471D443-CA58-2A5D-63BA-0EA2B82E4FAC}.Debug|Any CPU.ActiveCfg = Debug|Any CPU
		{9471D443-CA58-2A5D-63BA-0EA2B82E4FAC}.Debug|Any CPU.Build.0 = Debug|Any CPU
		{9471D443-CA58-2A5D-63BA-0EA2B82E4FAC}.Release|Any CPU.ActiveCfg = Release|Any CPU
		{9471D443-CA58-2A5D-63BA-0EA2B82E4FAC}.Release|Any CPU.Build.0 = Release|Any CPU
		{2BF89FEB-39BE-7657-D876-D6B1727B6A1E}.Debug|Any CPU.ActiveCfg = Debug|Any CPU
		{2BF89FEB-39BE-7657-D876-D6B1727B6A1E}.Debug|Any CPU.Build.0 = Debug|Any CPU
		{2BF89FEB-39BE-7657-D876-D6B1727B6A1E}.Release|Any CPU.ActiveCfg = Release|Any CPU
		{2BF89FEB-39BE-7657-D876-D6B1727B6A1E}.Release|Any CPU.Build.0 = Release|Any CPU
		{E7F8A7EF-3CAB-4491-20F8-EAB90740A3CD}.Debug|Any CPU.ActiveCfg = Debug|Any CPU
		{E7F8A7EF-3CAB-4491-20F8-EAB90740A3CD}.Debug|Any CPU.Build.0 = Debug|Any CPU
		{E7F8A7EF-3CAB-4491-20F8-EAB90740A3CD}.Release|Any CPU.ActiveCfg = Release|Any CPU
		{E7F8A7EF-3CAB-4491-20F8-EAB90740A3CD}.Release|Any CPU.Build.0 = Release|Any CPU
		{FE47998F-D7FA-CC8A-6907-5960A7898599}.Debug|Any CPU.ActiveCfg = Debug|Any CPU
		{FE47998F-D7FA-CC8A-6907-5960A7898599}.Debug|Any CPU.Build.0 = Debug|Any CPU
		{FE47998F-D7FA-CC8A-6907-5960A7898599}.Release|Any CPU.ActiveCfg = Release|Any CPU
		{FE47998F-D7FA-CC8A-6907-5960A7898599}.Release|Any CPU.Build.0 = Release|Any CPU
		{BA42EFA9-9EAC-DA16-BF27-CBC99CAD8BA7}.Debug|Any CPU.ActiveCfg = Debug|Any CPU
		{BA42EFA9-9EAC-DA16-BF27-CBC99CAD8BA7}.Debug|Any CPU.Build.0 = Debug|Any CPU
		{BA42EFA9-9EAC-DA16-BF27-CBC99CAD8BA7}.Release|Any CPU.ActiveCfg = Release|Any CPU
		{BA42EFA9-9EAC-DA16-BF27-CBC99CAD8BA7}.Release|Any CPU.Build.0 = Release|Any CPU
		{B10F9D9E-ED70-5778-B8B1-6A28B0D7643D}.Debug|Any CPU.ActiveCfg = Debug|Any CPU
		{B10F9D9E-ED70-5778-B8B1-6A28B0D7643D}.Debug|Any CPU.Build.0 = Debug|Any CPU
		{B10F9D9E-ED70-5778-B8B1-6A28B0D7643D}.Release|Any CPU.ActiveCfg = Release|Any CPU
		{B10F9D9E-ED70-5778-B8B1-6A28B0D7643D}.Release|Any CPU.Build.0 = Release|Any CPU
		{19D61EF3-9B9B-3EC2-6F86-82DD1A4093CC}.Debug|Any CPU.ActiveCfg = Debug|Any CPU
		{19D61EF3-9B9B-3EC2-6F86-82DD1A4093CC}.Debug|Any CPU.Build.0 = Debug|Any CPU
		{19D61EF3-9B9B-3EC2-6F86-82DD1A4093CC}.Release|Any CPU.ActiveCfg = Release|Any CPU
		{19D61EF3-9B9B-3EC2-6F86-82DD1A4093CC}.Release|Any CPU.Build.0 = Release|Any CPU
		{E5D9A5AD-2EB6-04BD-0B6F-D5178C69B2CB}.Debug|Any CPU.ActiveCfg = Debug|Any CPU
		{E5D9A5AD-2EB6-04BD-0B6F-D5178C69B2CB}.Debug|Any CPU.Build.0 = Debug|Any CPU
		{E5D9A5AD-2EB6-04BD-0B6F-D5178C69B2CB}.Release|Any CPU.ActiveCfg = Release|Any CPU
		{E5D9A5AD-2EB6-04BD-0B6F-D5178C69B2CB}.Release|Any CPU.Build.0 = Release|Any CPU
		{CB95CA5B-C0FB-B6A8-520C-6A037A1CEA27}.Debug|Any CPU.ActiveCfg = Debug|Any CPU
		{CB95CA5B-C0FB-B6A8-520C-6A037A1CEA27}.Debug|Any CPU.Build.0 = Debug|Any CPU
		{CB95CA5B-C0FB-B6A8-520C-6A037A1CEA27}.Release|Any CPU.ActiveCfg = Release|Any CPU
		{CB95CA5B-C0FB-B6A8-520C-6A037A1CEA27}.Release|Any CPU.Build.0 = Release|Any CPU
		{A57FEE4C-EAB8-A4AA-68D3-84777DE79219}.Debug|Any CPU.ActiveCfg = Debug|Any CPU
		{A57FEE4C-EAB8-A4AA-68D3-84777DE79219}.Debug|Any CPU.Build.0 = Debug|Any CPU
		{A57FEE4C-EAB8-A4AA-68D3-84777DE79219}.Release|Any CPU.ActiveCfg = Release|Any CPU
		{A57FEE4C-EAB8-A4AA-68D3-84777DE79219}.Release|Any CPU.Build.0 = Release|Any CPU
		{85F7E5F9-9CA8-83D0-36C9-2890F875EFB7}.Debug|Any CPU.ActiveCfg = Debug|Any CPU
		{85F7E5F9-9CA8-83D0-36C9-2890F875EFB7}.Debug|Any CPU.Build.0 = Debug|Any CPU
		{85F7E5F9-9CA8-83D0-36C9-2890F875EFB7}.Release|Any CPU.ActiveCfg = Release|Any CPU
		{85F7E5F9-9CA8-83D0-36C9-2890F875EFB7}.Release|Any CPU.Build.0 = Release|Any CPU
		{AA2FE71A-8130-DABD-9535-B3BB5ABBE66D}.Debug|Any CPU.ActiveCfg = Debug|Any CPU
		{AA2FE71A-8130-DABD-9535-B3BB5ABBE66D}.Debug|Any CPU.Build.0 = Debug|Any CPU
		{AA2FE71A-8130-DABD-9535-B3BB5ABBE66D}.Release|Any CPU.ActiveCfg = Release|Any CPU
		{AA2FE71A-8130-DABD-9535-B3BB5ABBE66D}.Release|Any CPU.Build.0 = Release|Any CPU
		{8B767D72-6A47-13FC-32C4-5773CC00AEA7}.Debug|Any CPU.ActiveCfg = Debug|Any CPU
		{8B767D72-6A47-13FC-32C4-5773CC00AEA7}.Debug|Any CPU.Build.0 = Debug|Any CPU
		{8B767D72-6A47-13FC-32C4-5773CC00AEA7}.Release|Any CPU.ActiveCfg = Release|Any CPU
		{8B767D72-6A47-13FC-32C4-5773CC00AEA7}.Release|Any CPU.Build.0 = Release|Any CPU
		{100F2590-4EA8-58AC-918B-0AB6A826F3CD}.Debug|Any CPU.ActiveCfg = Debug|Any CPU
		{100F2590-4EA8-58AC-918B-0AB6A826F3CD}.Debug|Any CPU.Build.0 = Debug|Any CPU
		{100F2590-4EA8-58AC-918B-0AB6A826F3CD}.Release|Any CPU.ActiveCfg = Release|Any CPU
		{100F2590-4EA8-58AC-918B-0AB6A826F3CD}.Release|Any CPU.Build.0 = Release|Any CPU
		{B9166D92-D357-61A3-ECA7-6E5D41069D3D}.Debug|Any CPU.ActiveCfg = Debug|Any CPU
		{B9166D92-D357-61A3-ECA7-6E5D41069D3D}.Debug|Any CPU.Build.0 = Debug|Any CPU
		{B9166D92-D357-61A3-ECA7-6E5D41069D3D}.Release|Any CPU.ActiveCfg = Release|Any CPU
		{B9166D92-D357-61A3-ECA7-6E5D41069D3D}.Release|Any CPU.Build.0 = Release|Any CPU
		{8A4AD976-6628-52B5-2370-7AAE907A0E2A}.Debug|Any CPU.ActiveCfg = Debug|Any CPU
		{8A4AD976-6628-52B5-2370-7AAE907A0E2A}.Debug|Any CPU.Build.0 = Debug|Any CPU
		{8A4AD976-6628-52B5-2370-7AAE907A0E2A}.Release|Any CPU.ActiveCfg = Release|Any CPU
		{8A4AD976-6628-52B5-2370-7AAE907A0E2A}.Release|Any CPU.Build.0 = Release|Any CPU
		{6482AFEF-98EA-6310-9D36-62C4326EEBB1}.Debug|Any CPU.ActiveCfg = Debug|Any CPU
		{6482AFEF-98EA-6310-9D36-62C4326EEBB1}.Debug|Any CPU.Build.0 = Debug|Any CPU
		{6482AFEF-98EA-6310-9D36-62C4326EEBB1}.Release|Any CPU.ActiveCfg = Release|Any CPU
		{6482AFEF-98EA-6310-9D36-62C4326EEBB1}.Release|Any CPU.Build.0 = Release|Any CPU
		{6DC0F652-2F9C-42C2-657A-6C4498C28BB0}.Debug|Any CPU.ActiveCfg = Debug|Any CPU
		{6DC0F652-2F9C-42C2-657A-6C4498C28BB0}.Debug|Any CPU.Build.0 = Debug|Any CPU
		{6DC0F652-2F9C-42C2-657A-6C4498C28BB0}.Release|Any CPU.ActiveCfg = Release|Any CPU
		{6DC0F652-2F9C-42C2-657A-6C4498C28BB0}.Release|Any CPU.Build.0 = Release|Any CPU
		{DE95478B-5A45-86F7-B49B-6206C76E0AD7}.Debug|Any CPU.ActiveCfg = Debug|Any CPU
		{DE95478B-5A45-86F7-B49B-6206C76E0AD7}.Debug|Any CPU.Build.0 = Debug|Any CPU
		{DE95478B-5A45-86F7-B49B-6206C76E0AD7}.Release|Any CPU.ActiveCfg = Release|Any CPU
		{DE95478B-5A45-86F7-B49B-6206C76E0AD7}.Release|Any CPU.Build.0 = Release|Any CPU
		{B3D2CF72-7BBA-3C7E-D9C4-DDFD837BFBBB}.Debug|Any CPU.ActiveCfg = Debug|Any CPU
		{B3D2CF72-7BBA-3C7E-D9C4-DDFD837BFBBB}.Debug|Any CPU.Build.0 = Debug|Any CPU
		{B3D2CF72-7BBA-3C7E-D9C4-DDFD837BFBBB}.Release|Any CPU.ActiveCfg = Release|Any CPU
		{B3D2CF72-7BBA-3C7E-D9C4-DDFD837BFBBB}.Release|Any CPU.Build.0 = Release|Any CPU
		{44D74033-AF46-4522-B8F8-5575D995A076}.Debug|Any CPU.ActiveCfg = Debug|Any CPU
		{44D74033-AF46-4522-B8F8-5575D995A076}.Debug|Any CPU.Build.0 = Debug|Any CPU
		{44D74033-AF46-4522-B8F8-5575D995A076}.Release|Any CPU.ActiveCfg = Release|Any CPU
		{44D74033-AF46-4522-B8F8-5575D995A076}.Release|Any CPU.Build.0 = Release|Any CPU
		{5FEC666E-76FF-3791-DDB1-E26B07D6613F}.Debug|Any CPU.ActiveCfg = Debug|Any CPU
		{5FEC666E-76FF-3791-DDB1-E26B07D6613F}.Debug|Any CPU.Build.0 = Debug|Any CPU
		{5FEC666E-76FF-3791-DDB1-E26B07D6613F}.Release|Any CPU.ActiveCfg = Release|Any CPU
		{5FEC666E-76FF-3791-DDB1-E26B07D6613F}.Release|Any CPU.Build.0 = Release|Any CPU
		{166E1721-BFEC-7001-5259-0A6D8886DC29}.Debug|Any CPU.ActiveCfg = Debug|Any CPU
		{166E1721-BFEC-7001-5259-0A6D8886DC29}.Debug|Any CPU.Build.0 = Debug|Any CPU
		{166E1721-BFEC-7001-5259-0A6D8886DC29}.Release|Any CPU.ActiveCfg = Release|Any CPU
		{166E1721-BFEC-7001-5259-0A6D8886DC29}.Release|Any CPU.Build.0 = Release|Any CPU
		{DC45A2E8-98EB-BA99-AC6A-147A30C57E27}.Debug|Any CPU.ActiveCfg = Debug|Any CPU
		{DC45A2E8-98EB-BA99-AC6A-147A30C57E27}.Debug|Any CPU.Build.0 = Debug|Any CPU
		{DC45A2E8-98EB-BA99-AC6A-147A30C57E27}.Release|Any CPU.ActiveCfg = Release|Any CPU
		{DC45A2E8-98EB-BA99-AC6A-147A30C57E27}.Release|Any CPU.Build.0 = Release|Any CPU
		{DF303602-7FA0-B09B-AF63-7E949C8F84FD}.Debug|Any CPU.ActiveCfg = Debug|Any CPU
		{DF303602-7FA0-B09B-AF63-7E949C8F84FD}.Debug|Any CPU.Build.0 = Debug|Any CPU
		{DF303602-7FA0-B09B-AF63-7E949C8F84FD}.Release|Any CPU.ActiveCfg = Release|Any CPU
		{DF303602-7FA0-B09B-AF63-7E949C8F84FD}.Release|Any CPU.Build.0 = Release|Any CPU
		{DA861117-D15C-C8F2-B123-F2920650275C}.Debug|Any CPU.ActiveCfg = Debug|Any CPU
		{DA861117-D15C-C8F2-B123-F2920650275C}.Debug|Any CPU.Build.0 = Debug|Any CPU
		{DA861117-D15C-C8F2-B123-F2920650275C}.Release|Any CPU.ActiveCfg = Release|Any CPU
		{DA861117-D15C-C8F2-B123-F2920650275C}.Release|Any CPU.Build.0 = Release|Any CPU
	EndGlobalSection
	GlobalSection(SolutionProperties) = preSolution
		HideSolutionNode = FALSE
	EndGlobalSection
EndGlobal
